{
    "_meta": {
        "hash": {
            "sha256": "8d35d847eb9ebd02c518dd2635713c5ca977bf247bb2f7f749748b8974ae18d6"
        },
        "pipfile-spec": 6,
        "requires": {
            "python_version": "3.13"
        },
        "sources": [
            {
                "name": "pypi",
                "url": "https://pypi.org/simple",
                "verify_ssl": true
            }
        ]
    },
    "default": {
        "astroid": {
            "hashes": [
                "sha256:622cc8e3048684aa42c820d9d218978021c3c3d174fb03a9f0d615921744f550",
                "sha256:d05bfd0acba96a7bd43e222828b7d9bc1e138aaeb0649707908d3702a9831248"
            ],
            "markers": "python_full_version >= '3.9.0'",
            "version": "==3.3.9"
        },
        "attrs": {
            "hashes": [
                "sha256:427318ce031701fea540783410126f03899a97ffc6f61596ad581ac2e40e3bc3",
                "sha256:75d7cefc7fb576747b2c81b4442d4d4a1ce0900973527c011d1030fd3bf4af1b"
            ],
            "markers": "python_version >= '3.8'",
            "version": "==25.3.0"
        },
        "dill": {
            "hashes": [
                "sha256:0633f1d2df477324f53a895b02c901fb961bdbf65a17122586ea7019292cbcf0",
                "sha256:44f54bf6412c2c8464c14e8243eb163690a9800dbe2c367330883b19c7561049"
            ],
            "markers": "python_version >= '3.8'",
            "version": "==0.4.0"
        },
        "isort": {
            "hashes": [
                "sha256:1cb5df28dfbc742e490c5e41bad6da41b805b0a8be7bc93cd0fb2a8a890ac450",
                "sha256:2dc5d7f65c9678d94c88dfc29161a320eec67328bc97aad576874cb4be1e9615"
            ],
            "markers": "python_full_version >= '3.9.0'",
            "version": "==6.0.1"
        },
        "jinja2": {
            "hashes": [
                "sha256:0137fb05990d35f1275a587e9aee6d56da821fc83491a0fb838183be43f66d6d",
                "sha256:85ece4451f492d0c13c5dd7c13a64681a86afae63a5f347908daf103ce6d2f67"
            ],
            "index": "pypi",
            "markers": "python_version >= '3.7'",
            "version": "==3.1.6"
        },
        "jsonschema": {
            "hashes": [
                "sha256:d71497fef26351a33265337fa77ffeb82423f3ea21283cd9467bb03999266bc4",
                "sha256:fbadb6f8b144a8f8cf9f0b89ba94501d143e50411a1278633f56a7acf7fd5566"
            ],
            "index": "pypi",
            "markers": "python_version >= '3.8'",
            "version": "==4.23.0"
        },
        "jsonschema-specifications": {
            "hashes": [
                "sha256:4653bffbd6584f7de83a67e0d620ef16900b390ddc7939d56684d6c81e33f1af",
                "sha256:630159c9f4dbea161a6a2205c3011cc4f18ff381b189fff48bb39b9bf26ae608"
            ],
            "markers": "python_version >= '3.9'",
            "version": "==2025.4.1"
        },
        "markupsafe": {
            "hashes": [
                "sha256:0bff5e0ae4ef2e1ae4fdf2dfd5b76c75e5c2fa4132d05fc1b0dabcd20c7e28c4",
                "sha256:0f4ca02bea9a23221c0182836703cbf8930c5e9454bacce27e767509fa286a30",
                "sha256:1225beacc926f536dc82e45f8a4d68502949dc67eea90eab715dea3a21c1b5f0",
                "sha256:131a3c7689c85f5ad20f9f6fb1b866f402c445b220c19fe4308c0b147ccd2ad9",
                "sha256:15ab75ef81add55874e7ab7055e9c397312385bd9ced94920f2802310c930396",
                "sha256:1a9d3f5f0901fdec14d8d2f66ef7d035f2157240a433441719ac9a3fba440b13",
                "sha256:1c99d261bd2d5f6b59325c92c73df481e05e57f19837bdca8413b9eac4bd8028",
                "sha256:1e084f686b92e5b83186b07e8a17fc09e38fff551f3602b249881fec658d3eca",
                "sha256:2181e67807fc2fa785d0592dc2d6206c019b9502410671cc905d132a92866557",
                "sha256:2cb8438c3cbb25e220c2ab33bb226559e7afb3baec11c4f218ffa7308603c832",
                "sha256:3169b1eefae027567d1ce6ee7cae382c57fe26e82775f460f0b2778beaad66c0",
                "sha256:3809ede931876f5b2ec92eef964286840ed3540dadf803dd570c3b7e13141a3b",
                "sha256:38a9ef736c01fccdd6600705b09dc574584b89bea478200c5fbf112a6b0d5579",
                "sha256:3d79d162e7be8f996986c064d1c7c817f6df3a77fe3d6859f6f9e7be4b8c213a",
                "sha256:444dcda765c8a838eaae23112db52f1efaf750daddb2d9ca300bcae1039adc5c",
                "sha256:48032821bbdf20f5799ff537c7ac3d1fba0ba032cfc06194faffa8cda8b560ff",
                "sha256:4aa4e5faecf353ed117801a068ebab7b7e09ffb6e1d5e412dc852e0da018126c",
                "sha256:52305740fe773d09cffb16f8ed0427942901f00adedac82ec8b67752f58a1b22",
                "sha256:569511d3b58c8791ab4c2e1285575265991e6d8f8700c7be0e88f86cb0672094",
                "sha256:57cb5a3cf367aeb1d316576250f65edec5bb3be939e9247ae594b4bcbc317dfb",
                "sha256:5b02fb34468b6aaa40dfc198d813a641e3a63b98c2b05a16b9f80b7ec314185e",
                "sha256:6381026f158fdb7c72a168278597a5e3a5222e83ea18f543112b2662a9b699c5",
                "sha256:6af100e168aa82a50e186c82875a5893c5597a0c1ccdb0d8b40240b1f28b969a",
                "sha256:6c89876f41da747c8d3677a2b540fb32ef5715f97b66eeb0c6b66f5e3ef6f59d",
                "sha256:6e296a513ca3d94054c2c881cc913116e90fd030ad1c656b3869762b754f5f8a",
                "sha256:70a87b411535ccad5ef2f1df5136506a10775d267e197e4cf531ced10537bd6b",
                "sha256:7e94c425039cde14257288fd61dcfb01963e658efbc0ff54f5306b06054700f8",
                "sha256:846ade7b71e3536c4e56b386c2a47adf5741d2d8b94ec9dc3e92e5e1ee1e2225",
                "sha256:88416bd1e65dcea10bc7569faacb2c20ce071dd1f87539ca2ab364bf6231393c",
                "sha256:88b49a3b9ff31e19998750c38e030fc7bb937398b1f78cfa599aaef92d693144",
                "sha256:8c4e8c3ce11e1f92f6536ff07154f9d49677ebaaafc32db9db4620bc11ed480f",
                "sha256:8e06879fc22a25ca47312fbe7c8264eb0b662f6db27cb2d3bbbc74b1df4b9b87",
                "sha256:9025b4018f3a1314059769c7bf15441064b2207cb3f065e6ea1e7359cb46db9d",
                "sha256:93335ca3812df2f366e80509ae119189886b0f3c2b81325d39efdb84a1e2ae93",
                "sha256:9778bd8ab0a994ebf6f84c2b949e65736d5575320a17ae8984a77fab08db94cf",
                "sha256:9e2d922824181480953426608b81967de705c3cef4d1af983af849d7bd619158",
                "sha256:a123e330ef0853c6e822384873bef7507557d8e4a082961e1defa947aa59ba84",
                "sha256:a904af0a6162c73e3edcb969eeeb53a63ceeb5d8cf642fade7d39e7963a22ddb",
                "sha256:ad10d3ded218f1039f11a75f8091880239651b52e9bb592ca27de44eed242a48",
                "sha256:b424c77b206d63d500bcb69fa55ed8d0e6a3774056bdc4839fc9298a7edca171",
                "sha256:b5a6b3ada725cea8a5e634536b1b01c30bcdcd7f9c6fff4151548d5bf6b3a36c",
                "sha256:ba8062ed2cf21c07a9e295d5b8a2a5ce678b913b45fdf68c32d95d6c1291e0b6",
                "sha256:ba9527cdd4c926ed0760bc301f6728ef34d841f405abf9d4f959c478421e4efd",
                "sha256:bbcb445fa71794da8f178f0f6d66789a28d7319071af7a496d4d507ed566270d",
                "sha256:bcf3e58998965654fdaff38e58584d8937aa3096ab5354d493c77d1fdd66d7a1",
                "sha256:c0ef13eaeee5b615fb07c9a7dadb38eac06a0608b41570d8ade51c56539e509d",
                "sha256:cabc348d87e913db6ab4aa100f01b08f481097838bdddf7c7a84b7575b7309ca",
                "sha256:cdb82a876c47801bb54a690c5ae105a46b392ac6099881cdfb9f6e95e4014c6a",
                "sha256:cfad01eed2c2e0c01fd0ecd2ef42c492f7f93902e39a42fc9ee1692961443a29",
                "sha256:d16a81a06776313e817c951135cf7340a3e91e8c1ff2fac444cfd75fffa04afe",
                "sha256:d8213e09c917a951de9d09ecee036d5c7d36cb6cb7dbaece4c71a60d79fb9798",
                "sha256:e07c3764494e3776c602c1e78e298937c3315ccc9043ead7e685b7f2b8d47b3c",
                "sha256:e17c96c14e19278594aa4841ec148115f9c7615a47382ecb6b82bd8fea3ab0c8",
                "sha256:e444a31f8db13eb18ada366ab3cf45fd4b31e4db1236a4448f68778c1d1a5a2f",
                "sha256:e6a2a455bd412959b57a172ce6328d2dd1f01cb2135efda2e4576e8a23fa3b0f",
                "sha256:eaa0a10b7f72326f1372a713e73c3f739b524b3af41feb43e4921cb529f5929a",
                "sha256:eb7972a85c54febfb25b5c4b4f3af4dcc731994c7da0d8a0b4a6eb0640e1d178",
                "sha256:ee55d3edf80167e48ea11a923c7386f4669df67d7994554387f84e7d8b0a2bf0",
                "sha256:f3818cb119498c0678015754eba762e0d61e5b52d34c8b13d770f0719f7b1d79",
                "sha256:f8b3d067f2e40fe93e1ccdd6b2e1d16c43140e76f02fb1319a05cf2b79d99430",
                "sha256:fcabf5ff6eea076f859677f5f0b6b5c1a51e70a376b0579e0eadef8db48c6b50"
            ],
            "markers": "python_version >= '3.9'",
            "version": "==3.0.2"
        },
        "mccabe": {
            "hashes": [
                "sha256:348e0240c33b60bbdf4e523192ef919f28cb2c3d7d5c7794f74009290f236325",
                "sha256:6c2d30ab6be0e4a46919781807b4f0d834ebdd6c6e3dca0bda5a15f863427b6e"
            ],
            "markers": "python_version >= '3.6'",
            "version": "==0.7.0"
        },
        "mypy": {
            "hashes": [
                "sha256:1124a18bc11a6a62887e3e137f37f53fbae476dc36c185d549d4f837a2a6a14e",
                "sha256:171a9ca9a40cd1843abeca0e405bc1940cd9b305eaeea2dda769ba096932bb22",
                "sha256:1905f494bfd7d85a23a88c5d97840888a7bd516545fc5aaedff0267e0bb54e2f",
                "sha256:1fbb8da62dc352133d7d7ca90ed2fb0e9d42bb1a32724c287d3c76c58cbaa9c2",
                "sha256:2922d42e16d6de288022e5ca321cd0618b238cfc5570e0263e5ba0a77dbef56f",
                "sha256:2e2c2e6d3593f6451b18588848e66260ff62ccca522dd231cd4dd59b0160668b",
                "sha256:2ee2d57e01a7c35de00f4634ba1bbf015185b219e4dc5909e281016df43f5ee5",
                "sha256:2f2147ab812b75e5b5499b01ade1f4a81489a147c01585cda36019102538615f",
                "sha256:404534629d51d3efea5c800ee7c42b72a6554d6c400e6a79eafe15d11341fd43",
                "sha256:5469affef548bd1895d86d3bf10ce2b44e33d86923c29e4d675b3e323437ea3e",
                "sha256:5a95fb17c13e29d2d5195869262f8125dfdb5c134dc8d9a9d0aecf7525b10c2c",
                "sha256:6983aae8b2f653e098edb77f893f7b6aca69f6cffb19b2cc7443f23cce5f4828",
                "sha256:712e962a6357634fef20412699a3655c610110e01cdaa6180acec7fc9f8513ba",
                "sha256:8023ff13985661b50a5928fc7a5ca15f3d1affb41e5f0a9952cb68ef090b31ee",
                "sha256:811aeccadfb730024c5d3e326b2fbe9249bb7413553f15499a4050f7c30e801d",
                "sha256:8f8722560a14cde92fdb1e31597760dc35f9f5524cce17836c0d22841830fd5b",
                "sha256:93faf3fdb04768d44bf28693293f3904bbb555d076b781ad2530214ee53e3445",
                "sha256:973500e0774b85d9689715feeffcc980193086551110fd678ebe1f4342fb7c5e",
                "sha256:979e4e1a006511dacf628e36fadfecbcc0160a8af6ca7dad2f5025529e082c13",
                "sha256:98b7b9b9aedb65fe628c62a6dc57f6d5088ef2dfca37903a7d9ee374d03acca5",
                "sha256:aea39e0583d05124836ea645f412e88a5c7d0fd77a6d694b60d9b6b2d9f184fd",
                "sha256:b9378e2c00146c44793c98b8d5a61039a048e31f429fb0eb546d93f4b000bedf",
                "sha256:baefc32840a9f00babd83251560e0ae1573e2f9d1b067719479bfb0e987c6357",
                "sha256:be68172e9fd9ad8fb876c6389f16d1c1b5f100ffa779f77b1fb2176fcc9ab95b",
                "sha256:c43a7682e24b4f576d93072216bf56eeff70d9140241f9edec0c104d0c515036",
                "sha256:c4bb0e1bd29f7d34efcccd71cf733580191e9a264a2202b0239da95984c5b559",
                "sha256:c7be1e46525adfa0d97681432ee9fcd61a3964c2446795714699a998d193f1a3",
                "sha256:c9817fa23833ff189db061e6d2eff49b2f3b6ed9856b4a0a73046e41932d744f",
                "sha256:ce436f4c6d218a070048ed6a44c0bbb10cd2cc5e272b29e7845f6a2f57ee4464",
                "sha256:d10d994b41fb3497719bbf866f227b3489048ea4bbbb5015357db306249f7980",
                "sha256:e601a7fa172c2131bff456bb3ee08a88360760d0d2f8cbd7a75a65497e2df078",
                "sha256:f95579473af29ab73a10bada2f9722856792a36ec5af5399b653aa28360290a5"
            ],
            "index": "pypi",
            "markers": "python_version >= '3.9'",
            "version": "==1.15.0"
        },
        "mypy-extensions": {
            "hashes": [
                "sha256:4392f6c0eb8a5668a69e23d168ffa70f0be9ccfd32b5cc2d26a34ae5b844552d",
                "sha256:75dbf8955dc00442a438fc4d0666508a9a97b6bd41aa2f0ffe9d2f2725af0782"
            ],
            "markers": "python_version >= '3.5'",
            "version": "==1.0.0"
        },
        "pick": {
            "hashes": [
                "sha256:2b07be18d16d655c7f491e1ecca7a29de3be85e1e000c8d46193672f14faa203",
                "sha256:71f1b1b5d83652f87652fea5f51a3ba0b3388a71718cdcf8c6bc1326f85ae0b9"
            ],
            "index": "pypi",
            "markers": "python_version >= '3.7'",
            "version": "==2.4.0"
        },
        "platformdirs": {
            "hashes": [
                "sha256:a03875334331946f13c549dbd8f4bac7a13a50a895a0eb1e8c6a8ace80d40a94",
                "sha256:eb437d586b6a0986388f0d6f74aa0cde27b48d0e3d66843640bfb6bdcdb6e351"
            ],
            "markers": "python_version >= '3.9'",
            "version": "==4.3.7"
        },
        "prompt-toolkit": {
            "hashes": [
                "sha256:52742911fde84e2d423e2f9a4cf1de7d7ac4e51958f648d9540e0fb8db077b07",
                "sha256:931a162e3b27fc90c86f1b48bb1fb2c528c2761475e57c9c06de13311c7b54ed"
            ],
            "index": "pypi",
            "markers": "python_version >= '3.8'",
            "version": "==3.0.51"
        },
        "pylint": {
            "hashes": [
                "sha256:8b7c2d3e86ae3f94fb27703d521dd0b9b6b378775991f504d7c3a6275aa0a6a6",
                "sha256:b634a041aac33706d56a0d217e6587228c66427e20ec21a019bc4cdee48c040a"
            ],
            "index": "pypi",
            "markers": "python_full_version >= '3.9.0'",
            "version": "==3.3.6"
        },
        "referencing": {
            "hashes": [
                "sha256:df2e89862cd09deabbdba16944cc3f10feb6b3e6f18e902f7cc25609a34775aa",
                "sha256:e8699adbbf8b5c7de96d8ffa0eb5c158b3beafce084968e2ea8bb08c6794dcd0"
            ],
            "markers": "python_version >= '3.9'",
            "version": "==0.36.2"
        },
        "robotvibecoder": {
            "editable": true,
            "file": "."
        },
        "rpds-py": {
            "hashes": [
                "sha256:098d446d76d26e394b440d73921b49c1c90274d46ccbaadf346b1b78f9fdd4b1",
                "sha256:0d63a86b457069d669c423f093db4900aa102f0e5a626973eff4db8355c0fd96",
                "sha256:0dcdee07ebf76223092666c72a9552db276fbe46b98830ecd1bb836cc98adc81",
                "sha256:0ee0cc81f875e853ccdf3badb44b67f771fb9149baa9e752777ccdcaf052ad26",
                "sha256:113d134dc5a8d2503630ca2707b58a1bf5b1b3c69b35c7dab8690ee650c111b8",
                "sha256:12a84c3851f9e68633d883c01347db3cb87e6160120a489f9c47162cd276b0a5",
                "sha256:12b42790c91e0041a98f0ec04244fb334696938793e785a5d4c7e56ca534d7da",
                "sha256:16fb28d3a653f67c871a47c5ca0be17bce9fab8adb8bcf7bd09f3771b8c4d860",
                "sha256:1e11065b759c38c4945f8c9765ed2910e31fa5b2f7733401eb7d966f468367a2",
                "sha256:20af08b0b2d5b196a2bcb70becf0b97ec5af579cee0ae6750b08a2eea3b6c77d",
                "sha256:240251fd95b057c26f8538d0e673bf983eba4f38da95fbaf502bfc1a768b3984",
                "sha256:2649ff19291928243f90c86e4dc9cd86c8c4c6a73c3693ba2e23bc2fbcd8338c",
                "sha256:28bd2969445acc2d6801a22f97a43134ae3cb18e7495d668bfaa8d82b8526cdc",
                "sha256:2bd08c82336412a39a598e5baccab2ee2d7bd54e9115c8b64f2febb45da5c368",
                "sha256:2f91902fc0c95dd1fa6b30ebd2af83ace91e592f7fd6340a375588a9d4b9341b",
                "sha256:35c8cb5dcf7d36d3adf2ae0730b60fb550a8feb6e432bee7ef84162a0d15714b",
                "sha256:36a7564deaac3f372e8b8b701eb982ea3113516e8e08cd87e3dc6ccf29bad14b",
                "sha256:3752a015db89ea3e9c04d5e185549be4aa29c1882150e094c614c0de8e788feb",
                "sha256:383cf0d4288baf5a16812ed70d54ecb7f2064e255eb7fe42c38e926adeae4534",
                "sha256:3a21f4584f69547ae03aaa21be98753e85599f3437b84039da5dc20b53abe987",
                "sha256:3d7d65aa934899849628137ab391562cdb487c6ffb9b9781319a64a9c66afbce",
                "sha256:469054e6b2f8e41f1fe62b95f617082019d343eddeec3219ff3909067e672fb9",
                "sha256:4acbe2349a3baac9cc212005b6cb4bbb7e5b34538886cde4f55dfc29173da1d6",
                "sha256:4ad37c29adc435e6d8b24be86b03596183ee8d4bb8580cc4c676879b0b896a99",
                "sha256:4d97661bf5848dd9e5eb7ded480deccf9d32ce2cd500b88a26acbf7bd2864985",
                "sha256:4e5fe366fa53bd6777cf5440245366705338587b2cf8d61348ddaad744eb591a",
                "sha256:4fbec54cc42fa90ca69158d75f125febc4116b2d934e71c78f97de1388a8feb2",
                "sha256:540cd89d256119845b7f8f56c4bb80cad280cab92d9ca473be49ea13e678fd44",
                "sha256:542a6f1d0f400b9ce1facb3e30dd3dc84e4affc60353509b00a7bdcd064be91e",
                "sha256:54f925ff8d4443b7cae23a5215954abbf4736a3404188bde53c4d744ac001d89",
                "sha256:551897221bbc9de17bce4574810347db8ec1ba4ec2f50f35421790d34bdb6ef9",
                "sha256:57e9616a2a9da08fe0994e37a0c6f578fbaf6d35911bcba31e99660542d60c45",
                "sha256:587cad3959d3d85127cf5df1624cdce569bb3796372e00420baad46af7c56b9b",
                "sha256:58cfaa54752d6d2b4f10e87571688dbb7792327a69eca5417373d77d42787058",
                "sha256:5afbff2822016db3c696cb0c1432e6b1f0e34aa9280bc5184dc216812a24e70d",
                "sha256:5b049dd0792d51f07193cd934acec89abe84d2607109e6ca223b2f0ff24f0c7d",
                "sha256:5bbfbd9c74c4dd74815bd532bf29bedea6d27d38f35ef46f9754172a14e4c655",
                "sha256:5e849315963eb08c26167d0f2c0f9319c9bd379daea75092b3c595d70be6209d",
                "sha256:6065a489b7b284efb29d57adffae2b9b5e9403d3c8d95cfa04e04e024e6b4e77",
                "sha256:637ec39f97e342a3f76af739eda96800549d92f3aa27a2170b6dcbdffd49f480",
                "sha256:653a066d2a4a332d4f8a11813e8124b643fa7b835b78468087a9898140469eee",
                "sha256:6587ece9f205097c62d0e3d3cb7c06991eb0083ab6a9cf48951ec49c2ab7183c",
                "sha256:66087711faf29cb3ac8ab05341939aec29968626aff8ef18e483e229055dd9a7",
                "sha256:66568caacf18542f0cf213db7adf3de2da6ad58c7bf2c4fafec0d81ae557443b",
                "sha256:673ba018df5ae5e7b6c9a021d51ffe39c0ae1daa0041611ed27a0bca634b2d2e",
                "sha256:6a1eda14db1ac7a2ab4536dfe69e4d37fdd765e8e784ae4451e61582ebb76012",
                "sha256:6b0c0f671a53c129ea48f9481e95532579cc489ab5a0ffe750c9020787181c48",
                "sha256:6b5f457afffb45d3804728a54083e31fbaf460e902e3f7d063e56d0d0814301e",
                "sha256:6bcca4d0d24d8c37bfe0cafdaaf4346b6c516db21ccaad5c7fba0a0df818dfc9",
                "sha256:6c27156c8d836e7ff760767e93245b286ae028bfd81d305db676662d1f642637",
                "sha256:6c72a4a8fab10bc96720ad40941bb471e3b1150fb8d62dab205d495511206cf1",
                "sha256:6d95521901896a90a858993bfa3ec0f9160d3d97e8c8fefc279b3306cdadfee0",
                "sha256:7715597186a7277be12729c896019226321bad1f047da381ab707b177aa5017c",
                "sha256:77814c7a4e1dc43fba73aeb4c1ef0fe37d901f3aa869a4823de5ea843a283fd0",
                "sha256:77910d6bec321c9fccfe9cf5e407fed9d2c48a5e510473b4f070d5cf2413c003",
                "sha256:7c18cb2f6805861dcdf11fb0b3c111a0335f6475411687db2f6636f32bed66b0",
                "sha256:7d34547810bfd61acf8a441e8a3651e7a919e8e8aed29850be14a1b05cfc6f41",
                "sha256:8029c19c8a32ef3093c417dd16a5f806e7f529fcceea7c627b2635e9da5104da",
                "sha256:805a0dff0674baa3f360c21dcbc622ae544f2bb4753d87a4a56a1881252a477e",
                "sha256:80b37b37525492250adc7cbca20ae7084f86eb3eb62414b624d2a400370853b1",
                "sha256:8155e21203161e5c78791fc049b99f0bbbf14d1d1839c8c93c8344957f9e8e1e",
                "sha256:837fd066f974e5b98c69ac83ec594b79a2724a39a92a157b8651615e5032e530",
                "sha256:83e103b48e63fd2b8a8e2b21ab5b5299a7146045626c2ed4011511ea8122d217",
                "sha256:85587479f210350e9d9d25e505f422dd636e561658382ee8947357a4bac491ad",
                "sha256:864573b6440b770db5a8693547a8728d7fd32580d4903010a8eee0bb5b03b130",
                "sha256:87c6ff87b38f46d712418d78b34db1198408a3d9a42eddc640644aea561216b1",
                "sha256:89260601d497fa5957c3e46f10b16cfa2a4808ad4dd46cddc0b997461923a7d9",
                "sha256:89bb2b20829270aca28b1e5481be8ee24cb9aa86e6c0c81cb4ada2112c9588c5",
                "sha256:8abc1a3e29b599bf8bb5ad455256a757e8b0ed5621e7e48abe8209932dc6d11e",
                "sha256:8c2ad59c4342a176cb3e0d5753e1c911eabc95c210fc6d0e913c32bf560bf012",
                "sha256:8f3a57f08c558d0983a708bfe6d1265f47b5debff9b366b2f2091690fada055c",
                "sha256:90dbd2c42cb6463c07020695800ae8f347e7dbeff09da2975a988e467b624539",
                "sha256:91a51499be506022b9f09facfc42f0c3a1c45969c0fc8f0bbebc8ff23ab9e531",
                "sha256:9442cbff21122e9a529b942811007d65eabe4182e7342d102caf119b229322c6",
                "sha256:94f89161a3e358db33310a8a064852a6eb119ed1aa1a3dba927b4e5140e65d00",
                "sha256:96742796f499ac23b59856db734e65b286d1214a0d9b57bcd7bece92d9201fa4",
                "sha256:98c729193e7abe498565266933c125780fb646e977e94289cadbb36e4eeeb370",
                "sha256:9b75b5d3416b00d064a5e6f4814fdfb18a964a7cf38dc00b5c2c02fa30a7dd0b",
                "sha256:9cad834f1a8f51eb037c3c4dc72c884c9e1e0644d900e2d45aa76450e4aa6282",
                "sha256:9d0041bd9e2d2ef803b32d84a0c8115d178132da5691346465953a2a966ba8ca",
                "sha256:9f9a1b15b875160186177f659cde2b0f899182b0aca49457d6396afc4bbda7b9",
                "sha256:a05b199c11d2f39c72de8c30668734b5d20974ad44b65324ea3e647a211f135d",
                "sha256:a413674eb2bd2ecb2b93fcc928871b19f7220ee04bca4af3375c50a2b32b5a50",
                "sha256:a54b94b0e4de95aa92618906fb631779d9fde29b4bf659f482c354a3a79fd025",
                "sha256:a60ba9d104f4e8496107b1cb86e45a68a16d13511dc3986e0780e9f85c2136f9",
                "sha256:ad4a896896346adab86d52b31163c39d49e4e94c829494b96cc064bff82c5851",
                "sha256:af1c2241919304cc2f90e7dcb3eb1c1df6fb4172dd338e629dd6410e48b3d1a0",
                "sha256:b0a5651e350997cebcdc23016dca26c4d1993d29015a535284da3159796e30b6",
                "sha256:b7d60d42f1b9571341ad2322e748f7a60f9847546cd801a3a0eb72a1b54c6519",
                "sha256:bb979162323f3534dce84b59f86e689a0761a2a300e0212bfaedfa80d4eb8100",
                "sha256:bc907ea12216cfc5560148fc42459d86740fc739981c6feb94230dab09362679",
                "sha256:c146a24a8f0dc4a7846fb4640b88b3a68986585b8ce8397af15e66b7c5817439",
                "sha256:c46bd76986e05689376d28fdc2b97d899576ce3e3aaa5a5f80f67a8300b26eb3",
                "sha256:c624c82e645f6b5465d08cdc802fb0cd53aa1478782fb2992b9e09f2c9426865",
                "sha256:cd36b71f9f3bf195b2dd9be5eafbfc9409e6c8007aebc38a4dc051f522008033",
                "sha256:ce0518667855a1598d9b1f4fcf0fed1182c67c5ba4fe6a2c6bce93440a65cead",
                "sha256:d21408eaa157063f56e58ca50da27cad67c4395a85fb44cc7a31253ea4e58918",
                "sha256:d33aef3914a5b49db12ed3f24d214ffa50caefc8f4b0c7c7b9485bd4b231a898",
                "sha256:d3dc8d6ce8f001c80919bdb49d8b0b815185933a0b8e9cdeaea42b0b6f27eeb0",
                "sha256:d58258a66255b2500ddaa4f33191ada5ec983a429c09eb151daf81efbb9aa115",
                "sha256:d8b41195a6b03280ab00749a438fbce761e7acfd5381051a570239d752376f27",
                "sha256:ddf9426b740a7047b2b0dddcba775211542e8053ce1e509a1759b665fe573508",
                "sha256:de34a7d1893be76cb015929690dce3bde29f4de08143da2e9ad1cedb11dbf80e",
                "sha256:e3d50ac3b772c10e0b918a5ce2e871138896bfb5f35050ff1ff87ddca45961fc",
                "sha256:e49e4c3e899c32884d7828c91d6c3aff08d2f18857f50f86cc91187c31a4ca58",
                "sha256:eb91471640390a82744b164f8a0be4d7c89d173b1170713f9639c6bad61e9e64",
                "sha256:f2e69415e4e33cdeee50ebc2c4d8fcbef12c3181d9274e512ccd2a905a76aad1",
                "sha256:f3353a2d7eb7d5e0af8a7ca9fc85a34ba12619119bcdee6b8a28a6373cda65ce",
                "sha256:f933b35fa563f047896a70b69414dfb3952831817e4c4b3a6faa96737627f363",
                "sha256:fccd24c080850715c58a80200d367bc62b4bff6c9fb84e9564da1ebcafea6418",
                "sha256:fd9167e9604cb5a218a2e847aa8cdc5f98b379a673371978ee7b0c11b4d2e140",
                "sha256:fdc648d4e81eef5ac4bb35d731562dffc28358948410f3274d123320e125d613",
                "sha256:fe7439d9c5b402af2c9911c7facda1808d0c8dbfa9cf085e6aeac511a23f7d87",
                "sha256:ffae52cd76837a5c16409359d236b1fced79e42e0792e8adf375095a5e855368"
            ],
            "markers": "python_version >= '3.9'",
            "version": "==0.25.0"
        },
        "tomlkit": {
            "hashes": [
                "sha256:7a974427f6e119197f670fbbbeae7bef749a6c14e793db934baefc1b5f03efde",
                "sha256:fff5fe59a87295b278abd31bec92c15d9bc4a06885ab12bcea52c71119392e79"
            ],
            "markers": "python_version >= '3.8'",
            "version": "==0.13.2"
        },
        "types-jsonschema": {
            "hashes": [
                "sha256:9ace09d9d35c4390a7251ccd7d833b92ccc189d24d1b347f26212afce361117e",
                "sha256:e7d0dd7db7e59e63c26e3230e26ffc64c4704cc5170dc21270b366a35ead1618"
            ],
            "index": "pypi",
            "markers": "python_version >= '3.9'",
            "version": "==4.23.0.20250516"
        },
        "typing-extensions": {
            "hashes": [
                "sha256:a439e7c04b49fec3e5d3e2beaa21755cadbbdc391694e28ccdd36ca4a1408f8c",
                "sha256:e6c81219bd689f51865d9e372991c540bda33a0379d5573cddb9a3a23f7caaef"
            ],
            "markers": "python_version >= '3.8'",
            "version": "==4.13.2"
        },
        "wcwidth": {
            "hashes": [
                "sha256:3da69048e4540d84af32131829ff948f1e022c1c6bdb8d6102117aac784f6859",
                "sha256:72ea0c06399eb286d978fdedb6923a9eb47e1c486ce63e9b4e64fc18303972b5"
            ],
            "version": "==0.2.13"
        },
        "windows-curses": {
            "hashes": [
                "sha256:05d1ca01e5199a435ccb6c8c2978df4a169cdff1ec99ab15f11ded9de8e5be26",
                "sha256:325439cd4f37897a1de8a9c068a5b4c432f9244bf9c855ee2fbeb3fa721a770c",
                "sha256:4588213f7ef3b0c24c5cb9e309653d7a84c1792c707561e8b471d466ca79f2b8",
                "sha256:4fa1a176bfcf098d0c9bb7bc03dce6e83a4257fc0c66ad721f5745ebf0c00746",
                "sha256:53d711e07194d0d3ff7ceff29e0955b35479bc01465d46c3041de67b8141db2f",
                "sha256:5c9c2635faf171a229caca80e1dd760ab00db078e2a285ba2f667bbfcc31777c",
                "sha256:618e31458fedba2cf8105485ff00533ece780026c544142fc1647a20dc6c7641",
                "sha256:6a5a831cabaadde41a6856fea5a0c68c74b7d11d332a816e5a5e6c84577aef3a",
                "sha256:775a2e0fefeddfdb0e00b3fa6c4f21caf9982db34df30e4e62c49caaef7b5e56",
                "sha256:8cf653f8928af19c103ae11cfed38124f418dcdd92643c4cd17239c0cec2f9da",
                "sha256:a36b8fd4e410ddfb1a8eb65af2116c588e9f99b2ff3404412317440106755485",
                "sha256:bdbe7d58747408aef8a9128b2654acf6fbd11c821b91224b9a046faba8c6b6ca",
                "sha256:db776df70c10bd523c4a1ab0a7624a1d58c7d47f83ec49c6988f05bc1189e7b8",
                "sha256:e61be805edc390ccfdeaf0e0c39736d931d3c4a007d6bf0f98d1e792ce437796",
                "sha256:e9ce84559f80de7ec770d28c3b2991e0da51748def04e25a3c08ada727cfac2d",
                "sha256:fd7d7a9cf6c1758f46ed76b8c67f608bc5fcd5f0ca91f1580fd2d84cf41c7f4f"
            ],
            "markers": "sys_platform == 'win32'",
            "version": "==2.4.1"
        }
    },
    "develop": {}
}
